// !$*UTF8*$!
{
	archiveVersion = 1;
	classes = {
	};
	objectVersion = 56;
	objects = {

/* Begin PBXBuildFile section */
		1188A3CAA0A6EB2492825704 /* Pods_GiwazipClient.framework in Frameworks */ = {isa = PBXBuildFile; fileRef = F9E9D50A6FF93FD2448F82AE /* Pods_GiwazipClient.framework */; };
		260A63CA29710725004034AD /* Models.swift in Sources */ = {isa = PBXBuildFile; fileRef = 260A63C929710725004034AD /* Models.swift */; };
		260A63D429710784004034AD /* ViewModel.swift in Sources */ = {isa = PBXBuildFile; fileRef = 260A63D329710784004034AD /* ViewModel.swift */; };
		260A63D8297107AA004034AD /* Cell.swift in Sources */ = {isa = PBXBuildFile; fileRef = 260A63D7297107AA004034AD /* Cell.swift */; };
		260A63DA297107B8004034AD /* Service.swift in Sources */ = {isa = PBXBuildFile; fileRef = 260A63D9297107B8004034AD /* Service.swift */; };
		260A63DC297107C3004034AD /* BaseViewController.swift in Sources */ = {isa = PBXBuildFile; fileRef = 260A63DB297107C3004034AD /* BaseViewController.swift */; };
		260A63DE297107E4004034AD /* Extension+.swift in Sources */ = {isa = PBXBuildFile; fileRef = 260A63DD297107E4004034AD /* Extension+.swift */; };
		260A63E029710834004034AD /* AppCoordinator.swift in Sources */ = {isa = PBXBuildFile; fileRef = 260A63DF29710834004034AD /* AppCoordinator.swift */; };
		260A63E229710846004034AD /* MainCoordinator.swift in Sources */ = {isa = PBXBuildFile; fileRef = 260A63E129710846004034AD /* MainCoordinator.swift */; };
		260A63E429710A45004034AD /* MainViewController.swift in Sources */ = {isa = PBXBuildFile; fileRef = 260A63E329710A45004034AD /* MainViewController.swift */; };
		260A63E629710A5C004034AD /* SubViewController.swift in Sources */ = {isa = PBXBuildFile; fileRef = 260A63E529710A5C004034AD /* SubViewController.swift */; };
		260A63E829710A7F004034AD /* SubCoordinator.swift in Sources */ = {isa = PBXBuildFile; fileRef = 260A63E729710A7F004034AD /* SubCoordinator.swift */; };
		260A63EA29711307004034AD /* BaseCoordinator.swift in Sources */ = {isa = PBXBuildFile; fileRef = 260A63E929711307004034AD /* BaseCoordinator.swift */; };
		260A63F22975E01F004034AD /* SplashViewController.swift in Sources */ = {isa = PBXBuildFile; fileRef = 260A63F12975E01F004034AD /* SplashViewController.swift */; };
		2614F24F2997DA1C0051EE51 /* ProgressCell.swift in Sources */ = {isa = PBXBuildFile; fileRef = 2614F24E2997DA1C0051EE51 /* ProgressCell.swift */; };
		2614F251299802BE0051EE51 /* WaveView.swift in Sources */ = {isa = PBXBuildFile; fileRef = 2614F250299802BE0051EE51 /* WaveView.swift */; };
		26AC1B3529B3D57F00BFF78A /* SettingFooter.swift in Sources */ = {isa = PBXBuildFile; fileRef = 26AC1B3429B3D57F00BFF78A /* SettingFooter.swift */; };
		26AC1B3729B3DF4800BFF78A /* ImageLiteral.swift in Sources */ = {isa = PBXBuildFile; fileRef = 26AC1B3629B3DF4800BFF78A /* ImageLiteral.swift */; };
		26AC1B3D29B4A91800BFF78A /* NoticeViewController.swift in Sources */ = {isa = PBXBuildFile; fileRef = 26AC1B3C29B4A91800BFF78A /* NoticeViewController.swift */; };
		26B7B11C29A3A2C200D3C3F7 /* TextLiteral.swift in Sources */ = {isa = PBXBuildFile; fileRef = 26B7B11B29A3A2C200D3C3F7 /* TextLiteral.swift */; };
		26B7B11E29A3A2C900D3C3F7 /* ColorLiteral.swift in Sources */ = {isa = PBXBuildFile; fileRef = 26B7B11D29A3A2C900D3C3F7 /* ColorLiteral.swift */; };
		26B7B13A29A68FD600D3C3F7 /* DeveloperViewController.swift in Sources */ = {isa = PBXBuildFile; fileRef = 26B7B13929A68FD600D3C3F7 /* DeveloperViewController.swift */; };
		26B85B41299C61850039C14A /* SettingViewController.swift in Sources */ = {isa = PBXBuildFile; fileRef = 26B85B40299C61850039C14A /* SettingViewController.swift */; };
		432511542988140700F08BD2 /* ASCell.swift in Sources */ = {isa = PBXBuildFile; fileRef = 432511532988140700F08BD2 /* ASCell.swift */; };
		437102302989312400EF992D /* PostingTextViewController.swift in Sources */ = {isa = PBXBuildFile; fileRef = 4371022F2989312400EF992D /* PostingTextViewController.swift */; };
		438BF0432977CA28005E4CF3 /* EnterViewController.swift in Sources */ = {isa = PBXBuildFile; fileRef = 438BF0422977CA28005E4CF3 /* EnterViewController.swift */; };
		438E5B2A297982E300FD947E /* HideKeyboard+.swift in Sources */ = {isa = PBXBuildFile; fileRef = 438E5B29297982E300FD947E /* HideKeyboard+.swift */; };
		43997B052981367200C5A163 /* PostImageViewController.swift in Sources */ = {isa = PBXBuildFile; fileRef = 43997B042981367200C5A163 /* PostImageViewController.swift */; };
		43E1F565297A16CD000A13D4 /* Alert+.swift in Sources */ = {isa = PBXBuildFile; fileRef = 43E1F564297A16CD000A13D4 /* Alert+.swift */; };
		98197C0C29A264AC008C4C55 /* APIEnvironment.swift in Sources */ = {isa = PBXBuildFile; fileRef = 98197C0B29A264AC008C4C55 /* APIEnvironment.swift */; };
		98197C0E29A264CA008C4C55 /* NetworkResult.swift in Sources */ = {isa = PBXBuildFile; fileRef = 98197C0D29A264CA008C4C55 /* NetworkResult.swift */; };
		98197C1029A26562008C4C55 /* NetworkManager.swift in Sources */ = {isa = PBXBuildFile; fileRef = 98197C0F29A26562008C4C55 /* NetworkManager.swift */; };
		9839F36F298B55350058639F /* SegmentCoordinator.swift in Sources */ = {isa = PBXBuildFile; fileRef = 9839F36E298B55350058639F /* SegmentCoordinator.swift */; };
		9839F371298B5BD00058639F /* PostingPhotoCoordinator.swift in Sources */ = {isa = PBXBuildFile; fileRef = 9839F370298B5BD00058639F /* PostingPhotoCoordinator.swift */; };
		98419D74297C0554005E0EF6 /* PostingPhotoViewController.swift in Sources */ = {isa = PBXBuildFile; fileRef = 98419D73297C0554005E0EF6 /* PostingPhotoViewController.swift */; };
		98419D76297C1BF9005E0EF6 /* PostingPhotoCell.swift in Sources */ = {isa = PBXBuildFile; fileRef = 98419D75297C1BF9005E0EF6 /* PostingPhotoCell.swift */; };
		9878A31F29B4E1EF0041664E /* LineDashPattern+.swift in Sources */ = {isa = PBXBuildFile; fileRef = 9878A31E29B4E1EF0041664E /* LineDashPattern+.swift */; };
		988C56D029768F2D00018F07 /* SegmentViewController.swift in Sources */ = {isa = PBXBuildFile; fileRef = 988C56CF29768F2D00018F07 /* SegmentViewController.swift */; };
		988C56D42976D3BA00018F07 /* HistoryCell.swift in Sources */ = {isa = PBXBuildFile; fileRef = 988C56D32976D3BA00018F07 /* HistoryCell.swift */; };
		988C56D8297777E500018F07 /* ProgressHeader.swift in Sources */ = {isa = PBXBuildFile; fileRef = 988C56D7297777E500018F07 /* ProgressHeader.swift */; };
		988C56DA29779D2A00018F07 /* PostDateHeader.swift in Sources */ = {isa = PBXBuildFile; fileRef = 988C56D929779D2A00018F07 /* PostDateHeader.swift */; };
		988C56DC2978349D00018F07 /* HistoryViewController.swift in Sources */ = {isa = PBXBuildFile; fileRef = 988C56DB2978349D00018F07 /* HistoryViewController.swift */; };
		98D44B722941DD4B00386AA4 /* AppDelegate.swift in Sources */ = {isa = PBXBuildFile; fileRef = 98D44B712941DD4B00386AA4 /* AppDelegate.swift */; };
		98D44B742941DD4B00386AA4 /* SceneDelegate.swift in Sources */ = {isa = PBXBuildFile; fileRef = 98D44B732941DD4B00386AA4 /* SceneDelegate.swift */; };
		98D44B7B2941DD4D00386AA4 /* Assets.xcassets in Resources */ = {isa = PBXBuildFile; fileRef = 98D44B7A2941DD4D00386AA4 /* Assets.xcassets */; };
		98D44B7E2941DD4D00386AA4 /* LaunchScreen.storyboard in Resources */ = {isa = PBXBuildFile; fileRef = 98D44B7C2941DD4D00386AA4 /* LaunchScreen.storyboard */; };
		98F52B822982B476002C1303 /* PostViewController.swift in Sources */ = {isa = PBXBuildFile; fileRef = 98F52B812982B476002C1303 /* PostViewController.swift */; };
		98F52B842982BA28002C1303 /* PostCell.swift in Sources */ = {isa = PBXBuildFile; fileRef = 98F52B832982BA28002C1303 /* PostCell.swift */; };
/* End PBXBuildFile section */

/* Begin PBXFileReference section */
		260A63C929710725004034AD /* Models.swift */ = {isa = PBXFileReference; lastKnownFileType = sourcecode.swift; path = Models.swift; sourceTree = "<group>"; };
		260A63D329710784004034AD /* ViewModel.swift */ = {isa = PBXFileReference; lastKnownFileType = sourcecode.swift; path = ViewModel.swift; sourceTree = "<group>"; };
		260A63D7297107AA004034AD /* Cell.swift */ = {isa = PBXFileReference; lastKnownFileType = sourcecode.swift; path = Cell.swift; sourceTree = "<group>"; };
		260A63D9297107B8004034AD /* Service.swift */ = {isa = PBXFileReference; lastKnownFileType = sourcecode.swift; path = Service.swift; sourceTree = "<group>"; };
		260A63DB297107C3004034AD /* BaseViewController.swift */ = {isa = PBXFileReference; lastKnownFileType = sourcecode.swift; path = BaseViewController.swift; sourceTree = "<group>"; };
		260A63DD297107E4004034AD /* Extension+.swift */ = {isa = PBXFileReference; lastKnownFileType = sourcecode.swift; path = "Extension+.swift"; sourceTree = "<group>"; };
		260A63DF29710834004034AD /* AppCoordinator.swift */ = {isa = PBXFileReference; lastKnownFileType = sourcecode.swift; path = AppCoordinator.swift; sourceTree = "<group>"; };
		260A63E129710846004034AD /* MainCoordinator.swift */ = {isa = PBXFileReference; lastKnownFileType = sourcecode.swift; path = MainCoordinator.swift; sourceTree = "<group>"; };
		260A63E329710A45004034AD /* MainViewController.swift */ = {isa = PBXFileReference; lastKnownFileType = sourcecode.swift; path = MainViewController.swift; sourceTree = "<group>"; };
		260A63E529710A5C004034AD /* SubViewController.swift */ = {isa = PBXFileReference; lastKnownFileType = sourcecode.swift; path = SubViewController.swift; sourceTree = "<group>"; };
		260A63E729710A7F004034AD /* SubCoordinator.swift */ = {isa = PBXFileReference; lastKnownFileType = sourcecode.swift; path = SubCoordinator.swift; sourceTree = "<group>"; };
		260A63E929711307004034AD /* BaseCoordinator.swift */ = {isa = PBXFileReference; lastKnownFileType = sourcecode.swift; path = BaseCoordinator.swift; sourceTree = "<group>"; };
		260A63EB297118A8004034AD /* ko */ = {isa = PBXFileReference; lastKnownFileType = text.plist.strings; name = ko; path = ko.lproj/LaunchScreen.strings; sourceTree = "<group>"; };
		260A63F12975E01F004034AD /* SplashViewController.swift */ = {isa = PBXFileReference; lastKnownFileType = sourcecode.swift; path = SplashViewController.swift; sourceTree = "<group>"; };
		2614F24E2997DA1C0051EE51 /* ProgressCell.swift */ = {isa = PBXFileReference; lastKnownFileType = sourcecode.swift; path = ProgressCell.swift; sourceTree = "<group>"; };
		2614F250299802BE0051EE51 /* WaveView.swift */ = {isa = PBXFileReference; lastKnownFileType = sourcecode.swift; path = WaveView.swift; sourceTree = "<group>"; };
		26AC1B3429B3D57F00BFF78A /* SettingFooter.swift */ = {isa = PBXFileReference; lastKnownFileType = sourcecode.swift; path = SettingFooter.swift; sourceTree = "<group>"; };
		26AC1B3629B3DF4800BFF78A /* ImageLiteral.swift */ = {isa = PBXFileReference; lastKnownFileType = sourcecode.swift; path = ImageLiteral.swift; sourceTree = "<group>"; };
		26AC1B3C29B4A91800BFF78A /* NoticeViewController.swift */ = {isa = PBXFileReference; lastKnownFileType = sourcecode.swift; path = NoticeViewController.swift; sourceTree = "<group>"; };
		26B7B11B29A3A2C200D3C3F7 /* TextLiteral.swift */ = {isa = PBXFileReference; lastKnownFileType = sourcecode.swift; path = TextLiteral.swift; sourceTree = "<group>"; };
		26B7B11D29A3A2C900D3C3F7 /* ColorLiteral.swift */ = {isa = PBXFileReference; lastKnownFileType = sourcecode.swift; path = ColorLiteral.swift; sourceTree = "<group>"; };
		26B7B13929A68FD600D3C3F7 /* DeveloperViewController.swift */ = {isa = PBXFileReference; lastKnownFileType = sourcecode.swift; path = DeveloperViewController.swift; sourceTree = "<group>"; };
		26B85B40299C61850039C14A /* SettingViewController.swift */ = {isa = PBXFileReference; lastKnownFileType = sourcecode.swift; path = SettingViewController.swift; sourceTree = "<group>"; };
		432511532988140700F08BD2 /* ASCell.swift */ = {isa = PBXFileReference; lastKnownFileType = sourcecode.swift; path = ASCell.swift; sourceTree = "<group>"; };
		4371022F2989312400EF992D /* PostingTextViewController.swift */ = {isa = PBXFileReference; lastKnownFileType = sourcecode.swift; path = PostingTextViewController.swift; sourceTree = "<group>"; };
		438BF0422977CA28005E4CF3 /* EnterViewController.swift */ = {isa = PBXFileReference; fileEncoding = 4; lastKnownFileType = sourcecode.swift; path = EnterViewController.swift; sourceTree = "<group>"; };
		438E5B29297982E300FD947E /* HideKeyboard+.swift */ = {isa = PBXFileReference; fileEncoding = 4; lastKnownFileType = sourcecode.swift; path = "HideKeyboard+.swift"; sourceTree = "<group>"; };
		43997B042981367200C5A163 /* PostImageViewController.swift */ = {isa = PBXFileReference; lastKnownFileType = sourcecode.swift; path = PostImageViewController.swift; sourceTree = "<group>"; };
		43E1F564297A16CD000A13D4 /* Alert+.swift */ = {isa = PBXFileReference; lastKnownFileType = sourcecode.swift; path = "Alert+.swift"; sourceTree = "<group>"; };
		8F07A553ABFFB36AAAC61128 /* Pods-GiwazipClient.release.xcconfig */ = {isa = PBXFileReference; includeInIndex = 1; lastKnownFileType = text.xcconfig; name = "Pods-GiwazipClient.release.xcconfig"; path = "Target Support Files/Pods-GiwazipClient/Pods-GiwazipClient.release.xcconfig"; sourceTree = "<group>"; };
		98197C0B29A264AC008C4C55 /* APIEnvironment.swift */ = {isa = PBXFileReference; lastKnownFileType = sourcecode.swift; path = APIEnvironment.swift; sourceTree = "<group>"; };
		98197C0D29A264CA008C4C55 /* NetworkResult.swift */ = {isa = PBXFileReference; lastKnownFileType = sourcecode.swift; path = NetworkResult.swift; sourceTree = "<group>"; };
		98197C0F29A26562008C4C55 /* NetworkManager.swift */ = {isa = PBXFileReference; lastKnownFileType = sourcecode.swift; path = NetworkManager.swift; sourceTree = "<group>"; };
		9839F36E298B55350058639F /* SegmentCoordinator.swift */ = {isa = PBXFileReference; lastKnownFileType = sourcecode.swift; path = SegmentCoordinator.swift; sourceTree = "<group>"; };
		9839F370298B5BD00058639F /* PostingPhotoCoordinator.swift */ = {isa = PBXFileReference; lastKnownFileType = sourcecode.swift; path = PostingPhotoCoordinator.swift; sourceTree = "<group>"; };
		98419D73297C0554005E0EF6 /* PostingPhotoViewController.swift */ = {isa = PBXFileReference; lastKnownFileType = sourcecode.swift; path = PostingPhotoViewController.swift; sourceTree = "<group>"; };
		98419D75297C1BF9005E0EF6 /* PostingPhotoCell.swift */ = {isa = PBXFileReference; lastKnownFileType = sourcecode.swift; path = PostingPhotoCell.swift; sourceTree = "<group>"; };
		9878A31E29B4E1EF0041664E /* LineDashPattern+.swift */ = {isa = PBXFileReference; lastKnownFileType = sourcecode.swift; path = "LineDashPattern+.swift"; sourceTree = "<group>"; };
		988C56CF29768F2D00018F07 /* SegmentViewController.swift */ = {isa = PBXFileReference; lastKnownFileType = sourcecode.swift; path = SegmentViewController.swift; sourceTree = "<group>"; };
		988C56D32976D3BA00018F07 /* HistoryCell.swift */ = {isa = PBXFileReference; lastKnownFileType = sourcecode.swift; path = HistoryCell.swift; sourceTree = "<group>"; };
		988C56D7297777E500018F07 /* ProgressHeader.swift */ = {isa = PBXFileReference; lastKnownFileType = sourcecode.swift; path = ProgressHeader.swift; sourceTree = "<group>"; };
		988C56D929779D2A00018F07 /* PostDateHeader.swift */ = {isa = PBXFileReference; lastKnownFileType = sourcecode.swift; path = PostDateHeader.swift; sourceTree = "<group>"; };
		988C56DB2978349D00018F07 /* HistoryViewController.swift */ = {isa = PBXFileReference; lastKnownFileType = sourcecode.swift; path = HistoryViewController.swift; sourceTree = "<group>"; };
		98D44B6E2941DD4B00386AA4 /* GiwazipClient.app */ = {isa = PBXFileReference; explicitFileType = wrapper.application; includeInIndex = 0; path = GiwazipClient.app; sourceTree = BUILT_PRODUCTS_DIR; };
		98D44B712941DD4B00386AA4 /* AppDelegate.swift */ = {isa = PBXFileReference; lastKnownFileType = sourcecode.swift; path = AppDelegate.swift; sourceTree = "<group>"; };
		98D44B732941DD4B00386AA4 /* SceneDelegate.swift */ = {isa = PBXFileReference; lastKnownFileType = sourcecode.swift; path = SceneDelegate.swift; sourceTree = "<group>"; };
		98D44B7A2941DD4D00386AA4 /* Assets.xcassets */ = {isa = PBXFileReference; lastKnownFileType = folder.assetcatalog; path = Assets.xcassets; sourceTree = "<group>"; };
		98D44B7D2941DD4D00386AA4 /* Base */ = {isa = PBXFileReference; lastKnownFileType = file.storyboard; name = Base; path = Base.lproj/LaunchScreen.storyboard; sourceTree = "<group>"; };
		98D44B7F2941DD4D00386AA4 /* Info.plist */ = {isa = PBXFileReference; lastKnownFileType = text.plist.xml; path = Info.plist; sourceTree = "<group>"; };
		98F52B812982B476002C1303 /* PostViewController.swift */ = {isa = PBXFileReference; lastKnownFileType = sourcecode.swift; path = PostViewController.swift; sourceTree = "<group>"; };
		98F52B832982BA28002C1303 /* PostCell.swift */ = {isa = PBXFileReference; lastKnownFileType = sourcecode.swift; path = PostCell.swift; sourceTree = "<group>"; };
		BA55A12FB784D2A6D8435CDD /* Pods-GiwazipClient.debug.xcconfig */ = {isa = PBXFileReference; includeInIndex = 1; lastKnownFileType = text.xcconfig; name = "Pods-GiwazipClient.debug.xcconfig"; path = "Target Support Files/Pods-GiwazipClient/Pods-GiwazipClient.debug.xcconfig"; sourceTree = "<group>"; };
		F9E9D50A6FF93FD2448F82AE /* Pods_GiwazipClient.framework */ = {isa = PBXFileReference; explicitFileType = wrapper.framework; includeInIndex = 0; path = Pods_GiwazipClient.framework; sourceTree = BUILT_PRODUCTS_DIR; };
/* End PBXFileReference section */

/* Begin PBXFrameworksBuildPhase section */
		98D44B6B2941DD4B00386AA4 /* Frameworks */ = {
			isa = PBXFrameworksBuildPhase;
			buildActionMask = 2147483647;
			files = (
				1188A3CAA0A6EB2492825704 /* Pods_GiwazipClient.framework in Frameworks */,
			);
			runOnlyForDeploymentPostprocessing = 0;
		};
/* End PBXFrameworksBuildPhase section */

/* Begin PBXGroup section */
		260A63C829710707004034AD /* Models */ = {
			isa = PBXGroup;
			children = (
				260A63C929710725004034AD /* Models.swift */,
				98197C0B29A264AC008C4C55 /* APIEnvironment.swift */,
				98197C0D29A264CA008C4C55 /* NetworkResult.swift */,
			);
			path = Models;
			sourceTree = "<group>";
		};
		260A63CB29710730004034AD /* Views */ = {
			isa = PBXGroup;
			children = (
				98D44B7C2941DD4D00386AA4 /* LaunchScreen.storyboard */,
				26B7B13929A68FD600D3C3F7 /* DeveloperViewController.swift */,
				438BF0422977CA28005E4CF3 /* EnterViewController.swift */,
				988C56DB2978349D00018F07 /* HistoryViewController.swift */,
				260A63E329710A45004034AD /* MainViewController.swift */,
				26AC1B3C29B4A91800BFF78A /* NoticeViewController.swift */,
				98419D73297C0554005E0EF6 /* PostingPhotoViewController.swift */,
				4371022F2989312400EF992D /* PostingTextViewController.swift */,
				43997B042981367200C5A163 /* PostImageViewController.swift */,
				98F52B812982B476002C1303 /* PostViewController.swift */,
				988C56CF29768F2D00018F07 /* SegmentViewController.swift */,
				26B85B40299C61850039C14A /* SettingViewController.swift */,
				260A63F12975E01F004034AD /* SplashViewController.swift */,
				260A63E529710A5C004034AD /* SubViewController.swift */,
			);
			path = Views;
			sourceTree = "<group>";
		};
		260A63CC29710741004034AD /* ViewModels */ = {
			isa = PBXGroup;
			children = (
				260A63D329710784004034AD /* ViewModel.swift */,
				98197C0F29A26562008C4C55 /* NetworkManager.swift */,
			);
			path = ViewModels;
			sourceTree = "<group>";
		};
		260A63CD2971074B004034AD /* Coordinators */ = {
			isa = PBXGroup;
			children = (
				260A63DF29710834004034AD /* AppCoordinator.swift */,
				260A63E129710846004034AD /* MainCoordinator.swift */,
				9839F370298B5BD00058639F /* PostingPhotoCoordinator.swift */,
				260A63E729710A7F004034AD /* SubCoordinator.swift */,
				9839F36E298B55350058639F /* SegmentCoordinator.swift */,
			);
			path = Coordinators;
			sourceTree = "<group>";
		};
		260A63CE29710756004034AD /* Cells */ = {
			isa = PBXGroup;
			children = (
				260A63D7297107AA004034AD /* Cell.swift */,
				432511532988140700F08BD2 /* ASCell.swift */,
				988C56D32976D3BA00018F07 /* HistoryCell.swift */,
				98F52B832982BA28002C1303 /* PostCell.swift */,
				988C56D929779D2A00018F07 /* PostDateHeader.swift */,
				98419D75297C1BF9005E0EF6 /* PostingPhotoCell.swift */,
				2614F24E2997DA1C0051EE51 /* ProgressCell.swift */,
				988C56D7297777E500018F07 /* ProgressHeader.swift */,
				26AC1B3429B3D57F00BFF78A /* SettingFooter.swift */,
				2614F250299802BE0051EE51 /* WaveView.swift */,
			);
			path = Cells;
			sourceTree = "<group>";
		};
		260A63CF2971075B004034AD /* Services */ = {
			isa = PBXGroup;
			children = (
				260A63D9297107B8004034AD /* Service.swift */,
			);
			path = Services;
			sourceTree = "<group>";
		};
		260A63D029710760004034AD /* Supports */ = {
			isa = PBXGroup;
			children = (
				260A63E929711307004034AD /* BaseCoordinator.swift */,
				260A63DB297107C3004034AD /* BaseViewController.swift */,
			);
			path = Supports;
			sourceTree = "<group>";
		};
		260A63D129710764004034AD /* Resources */ = {
			isa = PBXGroup;
			children = (
				98D44B7A2941DD4D00386AA4 /* Assets.xcassets */,
				98D44B7F2941DD4D00386AA4 /* Info.plist */,
			);
			path = Resources;
			sourceTree = "<group>";
		};
		260A63D229710767004034AD /* Extensions+ */ = {
			isa = PBXGroup;
			children = (
				43E1F564297A16CD000A13D4 /* Alert+.swift */,
				260A63DD297107E4004034AD /* Extension+.swift */,
				9878A31E29B4E1EF0041664E /* LineDashPattern+.swift */,
				438E5B29297982E300FD947E /* HideKeyboard+.swift */,
			);
			path = "Extensions+";
			sourceTree = "<group>";
		};
		26B7B11A29A3A29C00D3C3F7 /* Literals */ = {
			isa = PBXGroup;
			children = (
				26B7B11D29A3A2C900D3C3F7 /* ColorLiteral.swift */,
				26AC1B3629B3DF4800BFF78A /* ImageLiteral.swift */,
				26B7B11B29A3A2C200D3C3F7 /* TextLiteral.swift */,
			);
			path = Literals;
			sourceTree = "<group>";
		};
		4289EDBCD104F8B3B3E61B14 /* Frameworks */ = {
			isa = PBXGroup;
			children = (
				F9E9D50A6FF93FD2448F82AE /* Pods_GiwazipClient.framework */,
			);
			name = Frameworks;
			sourceTree = "<group>";
		};
		98D44B652941DD4B00386AA4 = {
			isa = PBXGroup;
			children = (
				98D44B702941DD4B00386AA4 /* GiwazipClient */,
				98D44B6F2941DD4B00386AA4 /* Products */,
				A86A375602E6B7DEAF58F3B0 /* Pods */,
				4289EDBCD104F8B3B3E61B14 /* Frameworks */,
			);
			sourceTree = "<group>";
		};
		98D44B6F2941DD4B00386AA4 /* Products */ = {
			isa = PBXGroup;
			children = (
				98D44B6E2941DD4B00386AA4 /* GiwazipClient.app */,
			);
			name = Products;
			sourceTree = "<group>";
		};
		98D44B702941DD4B00386AA4 /* GiwazipClient */ = {
			isa = PBXGroup;
			children = (
				98D44B712941DD4B00386AA4 /* AppDelegate.swift */,
				98D44B732941DD4B00386AA4 /* SceneDelegate.swift */,
				260A63C829710707004034AD /* Models */,
				260A63CB29710730004034AD /* Views */,
				260A63CC29710741004034AD /* ViewModels */,
				260A63CD2971074B004034AD /* Coordinators */,
				260A63CE29710756004034AD /* Cells */,
				260A63CF2971075B004034AD /* Services */,
				260A63D029710760004034AD /* Supports */,
				26B7B11A29A3A29C00D3C3F7 /* Literals */,
				260A63D129710764004034AD /* Resources */,
				260A63D229710767004034AD /* Extensions+ */,
			);
			path = GiwazipClient;
			sourceTree = "<group>";
		};
		A86A375602E6B7DEAF58F3B0 /* Pods */ = {
			isa = PBXGroup;
			children = (
				BA55A12FB784D2A6D8435CDD /* Pods-GiwazipClient.debug.xcconfig */,
				8F07A553ABFFB36AAAC61128 /* Pods-GiwazipClient.release.xcconfig */,
			);
			path = Pods;
			sourceTree = "<group>";
		};
/* End PBXGroup section */

/* Begin PBXNativeTarget section */
		98D44B6D2941DD4B00386AA4 /* GiwazipClient */ = {
			isa = PBXNativeTarget;
			buildConfigurationList = 98D44B822941DD4D00386AA4 /* Build configuration list for PBXNativeTarget "GiwazipClient" */;
			buildPhases = (
				932B5E72D2AA0E53DDC1B1AB /* [CP] Check Pods Manifest.lock */,
				98D44B6A2941DD4B00386AA4 /* Sources */,
				98D44B6B2941DD4B00386AA4 /* Frameworks */,
				98D44B6C2941DD4B00386AA4 /* Resources */,
				64D1C910AFDBB860799103DC /* [CP] Embed Pods Frameworks */,
			);
			buildRules = (
			);
			dependencies = (
			);
			name = GiwazipClient;
			productName = GiwazipClient;
			productReference = 98D44B6E2941DD4B00386AA4 /* GiwazipClient.app */;
			productType = "com.apple.product-type.application";
		};
/* End PBXNativeTarget section */

/* Begin PBXProject section */
		98D44B662941DD4B00386AA4 /* Project object */ = {
			isa = PBXProject;
			attributes = {
				BuildIndependentTargetsInParallel = 1;
				LastSwiftUpdateCheck = 1410;
				LastUpgradeCheck = 1410;
				TargetAttributes = {
					98D44B6D2941DD4B00386AA4 = {
						CreatedOnToolsVersion = 14.1;
					};
				};
			};
			buildConfigurationList = 98D44B692941DD4B00386AA4 /* Build configuration list for PBXProject "GiwazipClient" */;
			compatibilityVersion = "Xcode 14.0";
			developmentRegion = ko;
			hasScannedForEncodings = 0;
			knownRegions = (
				Base,
				ko,
			);
			mainGroup = 98D44B652941DD4B00386AA4;
			productRefGroup = 98D44B6F2941DD4B00386AA4 /* Products */;
			projectDirPath = "";
			projectRoot = "";
			targets = (
				98D44B6D2941DD4B00386AA4 /* GiwazipClient */,
			);
		};
/* End PBXProject section */

/* Begin PBXResourcesBuildPhase section */
		98D44B6C2941DD4B00386AA4 /* Resources */ = {
			isa = PBXResourcesBuildPhase;
			buildActionMask = 2147483647;
			files = (
				98D44B7E2941DD4D00386AA4 /* LaunchScreen.storyboard in Resources */,
				98D44B7B2941DD4D00386AA4 /* Assets.xcassets in Resources */,
			);
			runOnlyForDeploymentPostprocessing = 0;
		};
/* End PBXResourcesBuildPhase section */

/* Begin PBXShellScriptBuildPhase section */
		64D1C910AFDBB860799103DC /* [CP] Embed Pods Frameworks */ = {
			isa = PBXShellScriptBuildPhase;
			buildActionMask = 2147483647;
			files = (
			);
			inputFileListPaths = (
				"${PODS_ROOT}/Target Support Files/Pods-GiwazipClient/Pods-GiwazipClient-frameworks-${CONFIGURATION}-input-files.xcfilelist",
			);
			name = "[CP] Embed Pods Frameworks";
			outputFileListPaths = (
				"${PODS_ROOT}/Target Support Files/Pods-GiwazipClient/Pods-GiwazipClient-frameworks-${CONFIGURATION}-output-files.xcfilelist",
			);
			runOnlyForDeploymentPostprocessing = 0;
			shellPath = /bin/sh;
			shellScript = "\"${PODS_ROOT}/Target Support Files/Pods-GiwazipClient/Pods-GiwazipClient-frameworks.sh\"\n";
			showEnvVarsInLog = 0;
		};
		932B5E72D2AA0E53DDC1B1AB /* [CP] Check Pods Manifest.lock */ = {
			isa = PBXShellScriptBuildPhase;
			buildActionMask = 2147483647;
			files = (
			);
			inputFileListPaths = (
			);
			inputPaths = (
				"${PODS_PODFILE_DIR_PATH}/Podfile.lock",
				"${PODS_ROOT}/Manifest.lock",
			);
			name = "[CP] Check Pods Manifest.lock";
			outputFileListPaths = (
			);
			outputPaths = (
				"$(DERIVED_FILE_DIR)/Pods-GiwazipClient-checkManifestLockResult.txt",
			);
			runOnlyForDeploymentPostprocessing = 0;
			shellPath = /bin/sh;
			shellScript = "diff \"${PODS_PODFILE_DIR_PATH}/Podfile.lock\" \"${PODS_ROOT}/Manifest.lock\" > /dev/null\nif [ $? != 0 ] ; then\n    # print error to STDERR\n    echo \"error: The sandbox is not in sync with the Podfile.lock. Run 'pod install' or update your CocoaPods installation.\" >&2\n    exit 1\nfi\n# This output is used by Xcode 'outputs' to avoid re-running this script phase.\necho \"SUCCESS\" > \"${SCRIPT_OUTPUT_FILE_0}\"\n";
			showEnvVarsInLog = 0;
		};
/* End PBXShellScriptBuildPhase section */

/* Begin PBXSourcesBuildPhase section */
		98D44B6A2941DD4B00386AA4 /* Sources */ = {
			isa = PBXSourcesBuildPhase;
			buildActionMask = 2147483647;
			files = (
				98419D74297C0554005E0EF6 /* PostingPhotoViewController.swift in Sources */,
				260A63E029710834004034AD /* AppCoordinator.swift in Sources */,
				260A63D429710784004034AD /* ViewModel.swift in Sources */,
				26AC1B3529B3D57F00BFF78A /* SettingFooter.swift in Sources */,
				98197C0E29A264CA008C4C55 /* NetworkResult.swift in Sources */,
				260A63DE297107E4004034AD /* Extension+.swift in Sources */,
				988C56DC2978349D00018F07 /* HistoryViewController.swift in Sources */,
				988C56D029768F2D00018F07 /* SegmentViewController.swift in Sources */,
				437102302989312400EF992D /* PostingTextViewController.swift in Sources */,
				2614F251299802BE0051EE51 /* WaveView.swift in Sources */,
				260A63E429710A45004034AD /* MainViewController.swift in Sources */,
				260A63DA297107B8004034AD /* Service.swift in Sources */,
				9839F371298B5BD00058639F /* PostingPhotoCoordinator.swift in Sources */,
				2614F24F2997DA1C0051EE51 /* ProgressCell.swift in Sources */,
				438BF0432977CA28005E4CF3 /* EnterViewController.swift in Sources */,
				988C56D42976D3BA00018F07 /* HistoryCell.swift in Sources */,
				260A63D8297107AA004034AD /* Cell.swift in Sources */,
				26AC1B3D29B4A91800BFF78A /* NoticeViewController.swift in Sources */,
				260A63E629710A5C004034AD /* SubViewController.swift in Sources */,
				43997B052981367200C5A163 /* PostImageViewController.swift in Sources */,
				26B7B13A29A68FD600D3C3F7 /* DeveloperViewController.swift in Sources */,
				260A63E229710846004034AD /* MainCoordinator.swift in Sources */,
				98197C1029A26562008C4C55 /* NetworkManager.swift in Sources */,
				98197C0C29A264AC008C4C55 /* APIEnvironment.swift in Sources */,
				98419D76297C1BF9005E0EF6 /* PostingPhotoCell.swift in Sources */,
				26AC1B3729B3DF4800BFF78A /* ImageLiteral.swift in Sources */,
				260A63E829710A7F004034AD /* SubCoordinator.swift in Sources */,
				26B7B11E29A3A2C900D3C3F7 /* ColorLiteral.swift in Sources */,
				260A63F22975E01F004034AD /* SplashViewController.swift in Sources */,
				438E5B2A297982E300FD947E /* HideKeyboard+.swift in Sources */,
				260A63EA29711307004034AD /* BaseCoordinator.swift in Sources */,
				98F52B842982BA28002C1303 /* PostCell.swift in Sources */,
				98D44B722941DD4B00386AA4 /* AppDelegate.swift in Sources */,
				988C56D8297777E500018F07 /* ProgressHeader.swift in Sources */,
				26B7B11C29A3A2C200D3C3F7 /* TextLiteral.swift in Sources */,
				9878A31F29B4E1EF0041664E /* LineDashPattern+.swift in Sources */,
				9839F36F298B55350058639F /* SegmentCoordinator.swift in Sources */,
				26B85B41299C61850039C14A /* SettingViewController.swift in Sources */,
				43E1F565297A16CD000A13D4 /* Alert+.swift in Sources */,
				98D44B742941DD4B00386AA4 /* SceneDelegate.swift in Sources */,
				260A63CA29710725004034AD /* Models.swift in Sources */,
				988C56DA29779D2A00018F07 /* PostDateHeader.swift in Sources */,
				432511542988140700F08BD2 /* ASCell.swift in Sources */,
				260A63DC297107C3004034AD /* BaseViewController.swift in Sources */,
				98F52B822982B476002C1303 /* PostViewController.swift in Sources */,
			);
			runOnlyForDeploymentPostprocessing = 0;
		};
/* End PBXSourcesBuildPhase section */

/* Begin PBXVariantGroup section */
		98D44B7C2941DD4D00386AA4 /* LaunchScreen.storyboard */ = {
			isa = PBXVariantGroup;
			children = (
				98D44B7D2941DD4D00386AA4 /* Base */,
				260A63EB297118A8004034AD /* ko */,
			);
			name = LaunchScreen.storyboard;
			sourceTree = "<group>";
		};
/* End PBXVariantGroup section */

/* Begin XCBuildConfiguration section */
		98D44B802941DD4D00386AA4 /* Debug */ = {
			isa = XCBuildConfiguration;
			buildSettings = {
				ALWAYS_SEARCH_USER_PATHS = NO;
				CLANG_ANALYZER_LOCALIZABILITY_NONLOCALIZED = YES;
				CLANG_ANALYZER_NONNULL = YES;
				CLANG_ANALYZER_NUMBER_OBJECT_CONVERSION = YES_AGGRESSIVE;
				CLANG_CXX_LANGUAGE_STANDARD = "gnu++20";
				CLANG_ENABLE_MODULES = YES;
				CLANG_ENABLE_OBJC_ARC = YES;
				CLANG_ENABLE_OBJC_WEAK = YES;
				CLANG_WARN_BLOCK_CAPTURE_AUTORELEASING = YES;
				CLANG_WARN_BOOL_CONVERSION = YES;
				CLANG_WARN_COMMA = YES;
				CLANG_WARN_CONSTANT_CONVERSION = YES;
				CLANG_WARN_DEPRECATED_OBJC_IMPLEMENTATIONS = YES;
				CLANG_WARN_DIRECT_OBJC_ISA_USAGE = YES_ERROR;
				CLANG_WARN_DOCUMENTATION_COMMENTS = YES;
				CLANG_WARN_EMPTY_BODY = YES;
				CLANG_WARN_ENUM_CONVERSION = YES;
				CLANG_WARN_INFINITE_RECURSION = YES;
				CLANG_WARN_INT_CONVERSION = YES;
				CLANG_WARN_NON_LITERAL_NULL_CONVERSION = YES;
				CLANG_WARN_OBJC_IMPLICIT_RETAIN_SELF = YES;
				CLANG_WARN_OBJC_LITERAL_CONVERSION = YES;
				CLANG_WARN_OBJC_ROOT_CLASS = YES_ERROR;
				CLANG_WARN_QUOTED_INCLUDE_IN_FRAMEWORK_HEADER = YES;
				CLANG_WARN_RANGE_LOOP_ANALYSIS = YES;
				CLANG_WARN_STRICT_PROTOTYPES = YES;
				CLANG_WARN_SUSPICIOUS_MOVE = YES;
				CLANG_WARN_UNGUARDED_AVAILABILITY = YES_AGGRESSIVE;
				CLANG_WARN_UNREACHABLE_CODE = YES;
				CLANG_WARN__DUPLICATE_METHOD_MATCH = YES;
				COPY_PHASE_STRIP = NO;
				DEBUG_INFORMATION_FORMAT = dwarf;
				ENABLE_STRICT_OBJC_MSGSEND = YES;
				ENABLE_TESTABILITY = YES;
				GCC_C_LANGUAGE_STANDARD = gnu11;
				GCC_DYNAMIC_NO_PIC = NO;
				GCC_NO_COMMON_BLOCKS = YES;
				GCC_OPTIMIZATION_LEVEL = 0;
				GCC_PREPROCESSOR_DEFINITIONS = (
					"DEBUG=1",
					"$(inherited)",
				);
				GCC_WARN_64_TO_32_BIT_CONVERSION = YES;
				GCC_WARN_ABOUT_RETURN_TYPE = YES_ERROR;
				GCC_WARN_UNDECLARED_SELECTOR = YES;
				GCC_WARN_UNINITIALIZED_AUTOS = YES_AGGRESSIVE;
				GCC_WARN_UNUSED_FUNCTION = YES;
				GCC_WARN_UNUSED_VARIABLE = YES;
				IPHONEOS_DEPLOYMENT_TARGET = 16.2;
				MTL_ENABLE_DEBUG_INFO = INCLUDE_SOURCE;
				MTL_FAST_MATH = YES;
				ONLY_ACTIVE_ARCH = YES;
				SDKROOT = iphoneos;
				SWIFT_ACTIVE_COMPILATION_CONDITIONS = DEBUG;
				SWIFT_OPTIMIZATION_LEVEL = "-Onone";
			};
			name = Debug;
		};
		98D44B812941DD4D00386AA4 /* Release */ = {
			isa = XCBuildConfiguration;
			buildSettings = {
				ALWAYS_SEARCH_USER_PATHS = NO;
				CLANG_ANALYZER_LOCALIZABILITY_NONLOCALIZED = YES;
				CLANG_ANALYZER_NONNULL = YES;
				CLANG_ANALYZER_NUMBER_OBJECT_CONVERSION = YES_AGGRESSIVE;
				CLANG_CXX_LANGUAGE_STANDARD = "gnu++20";
				CLANG_ENABLE_MODULES = YES;
				CLANG_ENABLE_OBJC_ARC = YES;
				CLANG_ENABLE_OBJC_WEAK = YES;
				CLANG_WARN_BLOCK_CAPTURE_AUTORELEASING = YES;
				CLANG_WARN_BOOL_CONVERSION = YES;
				CLANG_WARN_COMMA = YES;
				CLANG_WARN_CONSTANT_CONVERSION = YES;
				CLANG_WARN_DEPRECATED_OBJC_IMPLEMENTATIONS = YES;
				CLANG_WARN_DIRECT_OBJC_ISA_USAGE = YES_ERROR;
				CLANG_WARN_DOCUMENTATION_COMMENTS = YES;
				CLANG_WARN_EMPTY_BODY = YES;
				CLANG_WARN_ENUM_CONVERSION = YES;
				CLANG_WARN_INFINITE_RECURSION = YES;
				CLANG_WARN_INT_CONVERSION = YES;
				CLANG_WARN_NON_LITERAL_NULL_CONVERSION = YES;
				CLANG_WARN_OBJC_IMPLICIT_RETAIN_SELF = YES;
				CLANG_WARN_OBJC_LITERAL_CONVERSION = YES;
				CLANG_WARN_OBJC_ROOT_CLASS = YES_ERROR;
				CLANG_WARN_QUOTED_INCLUDE_IN_FRAMEWORK_HEADER = YES;
				CLANG_WARN_RANGE_LOOP_ANALYSIS = YES;
				CLANG_WARN_STRICT_PROTOTYPES = YES;
				CLANG_WARN_SUSPICIOUS_MOVE = YES;
				CLANG_WARN_UNGUARDED_AVAILABILITY = YES_AGGRESSIVE;
				CLANG_WARN_UNREACHABLE_CODE = YES;
				CLANG_WARN__DUPLICATE_METHOD_MATCH = YES;
				COPY_PHASE_STRIP = NO;
				DEBUG_INFORMATION_FORMAT = "dwarf-with-dsym";
				ENABLE_NS_ASSERTIONS = NO;
				ENABLE_STRICT_OBJC_MSGSEND = YES;
				GCC_C_LANGUAGE_STANDARD = gnu11;
				GCC_NO_COMMON_BLOCKS = YES;
				GCC_WARN_64_TO_32_BIT_CONVERSION = YES;
				GCC_WARN_ABOUT_RETURN_TYPE = YES_ERROR;
				GCC_WARN_UNDECLARED_SELECTOR = YES;
				GCC_WARN_UNINITIALIZED_AUTOS = YES_AGGRESSIVE;
				GCC_WARN_UNUSED_FUNCTION = YES;
				GCC_WARN_UNUSED_VARIABLE = YES;
				IPHONEOS_DEPLOYMENT_TARGET = 16.2;
				MTL_ENABLE_DEBUG_INFO = NO;
				MTL_FAST_MATH = YES;
				SDKROOT = iphoneos;
				SWIFT_COMPILATION_MODE = wholemodule;
				SWIFT_OPTIMIZATION_LEVEL = "-O";
				VALIDATE_PRODUCT = YES;
			};
			name = Release;
		};
		98D44B832941DD4D00386AA4 /* Debug */ = {
			isa = XCBuildConfiguration;
			baseConfigurationReference = BA55A12FB784D2A6D8435CDD /* Pods-GiwazipClient.debug.xcconfig */;
			buildSettings = {
				ASSETCATALOG_COMPILER_APPICON_NAME = AppIcon;
				ASSETCATALOG_COMPILER_GLOBAL_ACCENT_COLOR_NAME = AccentColor;
				CODE_SIGN_IDENTITY = "Apple Development";
				CODE_SIGN_STYLE = Automatic;
				CURRENT_PROJECT_VERSION = 1;
				DEVELOPMENT_TEAM = UDCS6NMGF8;
				GENERATE_INFOPLIST_FILE = YES;
				INFOPLIST_FILE = GiwazipClient/Resources/Info.plist;
				INFOPLIST_KEY_CFBundleDisplayName = "짓다";
				INFOPLIST_KEY_LSApplicationCategoryType = "public.app-category.lifestyle";
				INFOPLIST_KEY_UIApplicationSupportsIndirectInputEvents = YES;
				INFOPLIST_KEY_UILaunchStoryboardName = LaunchScreen;
				INFOPLIST_KEY_UIMainStoryboardFile = "";
				INFOPLIST_KEY_UISupportedInterfaceOrientations = UIInterfaceOrientationPortrait;
				INFOPLIST_KEY_UISupportedInterfaceOrientations_iPad = "UIInterfaceOrientationLandscapeLeft UIInterfaceOrientationLandscapeRight UIInterfaceOrientationPortrait UIInterfaceOrientationPortraitUpsideDown";
				LD_RUNPATH_SEARCH_PATHS = (
					"$(inherited)",
					"@executable_path/Frameworks",
				);
				MARKETING_VERSION = 1.0.0;
				PRODUCT_BUNDLE_IDENTIFIER = app.samsamhada.GiwazipClient;
				PRODUCT_NAME = "$(TARGET_NAME)";
				PROVISIONING_PROFILE_SPECIFIER = "";
				SUPPORTED_PLATFORMS = "iphoneos iphonesimulator";
				SUPPORTS_MACCATALYST = NO;
				SUPPORTS_MAC_DESIGNED_FOR_IPHONE_IPAD = NO;
				SWIFT_EMIT_LOC_STRINGS = YES;
				SWIFT_VERSION = 5.0;
				TARGETED_DEVICE_FAMILY = 1;
			};
			name = Debug;
		};
		98D44B842941DD4D00386AA4 /* Release */ = {
			isa = XCBuildConfiguration;
			baseConfigurationReference = 8F07A553ABFFB36AAAC61128 /* Pods-GiwazipClient.release.xcconfig */;
			buildSettings = {
				ASSETCATALOG_COMPILER_APPICON_NAME = AppIcon;
				ASSETCATALOG_COMPILER_GLOBAL_ACCENT_COLOR_NAME = AccentColor;
				CODE_SIGN_IDENTITY = "Apple Development";
				CODE_SIGN_STYLE = Automatic;
				CURRENT_PROJECT_VERSION = 1;
				DEVELOPMENT_TEAM = UDCS6NMGF8;
				GENERATE_INFOPLIST_FILE = YES;
				INFOPLIST_FILE = GiwazipClient/Resources/Info.plist;
				INFOPLIST_KEY_CFBundleDisplayName = "짓다";
				INFOPLIST_KEY_LSApplicationCategoryType = "public.app-category.lifestyle";
				INFOPLIST_KEY_UIApplicationSupportsIndirectInputEvents = YES;
				INFOPLIST_KEY_UILaunchStoryboardName = LaunchScreen;
				INFOPLIST_KEY_UIMainStoryboardFile = "";
				INFOPLIST_KEY_UISupportedInterfaceOrientations = UIInterfaceOrientationPortrait;
				INFOPLIST_KEY_UISupportedInterfaceOrientations_iPad = "UIInterfaceOrientationLandscapeLeft UIInterfaceOrientationLandscapeRight UIInterfaceOrientationPortrait UIInterfaceOrientationPortraitUpsideDown";
				LD_RUNPATH_SEARCH_PATHS = (
					"$(inherited)",
					"@executable_path/Frameworks",
				);
				MARKETING_VERSION = 1.0.0;
				PRODUCT_BUNDLE_IDENTIFIER = app.samsamhada.GiwazipClient;
				PRODUCT_NAME = "$(TARGET_NAME)";
				PROVISIONING_PROFILE_SPECIFIER = "";
				SUPPORTED_PLATFORMS = "iphoneos iphonesimulator";
				SUPPORTS_MACCATALYST = NO;
				SUPPORTS_MAC_DESIGNED_FOR_IPHONE_IPAD = NO;
				SWIFT_EMIT_LOC_STRINGS = YES;
				SWIFT_VERSION = 5.0;
				TARGETED_DEVICE_FAMILY = 1;
			};
			name = Release;
		};
/* End XCBuildConfiguration section */

/* Begin XCConfigurationList section */
		98D44B692941DD4B00386AA4 /* Build configuration list for PBXProject "GiwazipClient" */ = {
			isa = XCConfigurationList;
			buildConfigurations = (
				98D44B802941DD4D00386AA4 /* Debug */,
				98D44B812941DD4D00386AA4 /* Release */,
			);
			defaultConfigurationIsVisible = 0;
			defaultConfigurationName = Release;
		};
		98D44B822941DD4D00386AA4 /* Build configuration list for PBXNativeTarget "GiwazipClient" */ = {
			isa = XCConfigurationList;
			buildConfigurations = (
				98D44B832941DD4D00386AA4 /* Debug */,
				98D44B842941DD4D00386AA4 /* Release */,
			);
			defaultConfigurationIsVisible = 0;
			defaultConfigurationName = Release;
		};
/* End XCConfigurationList section */
	};
	rootObject = 98D44B662941DD4B00386AA4 /* Project object */;
}
